{
  "originHash" : "3f1a7c53b01587d8d09419b50f894471a20cb3b10c9a6453bc3a0e631cacda1c",
  "pins" : [
    {
      "identity" : "avif.swift",
      "kind" : "remoteSourceControl",
      "location" : "https://github.com/awxkee/avif.swift",
      "state" : {
        "revision" : "82ef6ff1051e25f8944d2ad8aee148ae79e90986",
        "version" : "1.7.0"
      }
    },
    {
      "identity" : "libaom.swift",
      "kind" : "remoteSourceControl",
      "location" : "https://github.com/awxkee/libaom.swift.git",
      "state" : {
        "revision" : "83e08f0eb34bf6ef95a82d15f4cfbbc2d70deeb2",
        "version" : "1.1.2"
      }
    },
    {
      "identity" : "libdav1d.swift",
      "kind" : "remoteSourceControl",
      "location" : "https://github.com/awxkee/libdav1d.swift.git",
      "state" : {
        "revision" : "56f7037e7af7646f1d02bdcd16f5032e9d66e4d1",
        "version" : "1.2.0"
      }
    },
    {
      "identity" : "libsvtav1enc.swift",
      "kind" : "remoteSourceControl",
      "location" : "https://github.com/awxkee/libsvtav1enc.swift",
      "state" : {
        "revision" : "551a675778aa0dda6d23653ef3d0fc37a8d33c08",
        "version" : "1.1.0"
      }
    },
    {
      "identity" : "libwebp-ios",
      "kind" : "remoteSourceControl",
      "location" : "https://github.com/awxkee/libwebp-ios.git",
      "state" : {
        "revision" : "46b42251e665d520a4d842d48e8d5bcac9399942",
        "version" : "1.2.0"
      }
    },
    {
      "identity" : "libyuv.swift",
      "kind" : "remoteSourceControl",
      "location" : "https://github.com/awxkee/libyuv.swift.git",
      "state" : {
        "revision" : "810842f196c65b77a39c2f32080225166b0e8f87",
        "version" : "1.1.0"
      }
    },
    {
      "identity" : "nuke",
      "kind" : "remoteSourceControl",
      "location" : "https://github.com/kean/Nuke.git",
      "state" : {
        "revision" : "0ead44350d2737db384908569c012fe67c421e4d",
        "version" : "12.8.0"
      }
    },
    {
      "identity" : "swift-algorithms",
      "kind" : "remoteSourceControl",
      "location" : "https://github.com/apple/swift-algorithms",
      "state" : {
        "revision" : "87e50f483c54e6efd60e885f7f5aa946cee68023",
        "version" : "1.2.1"
      }
    },
    {
      "identity" : "swift-numerics",
      "kind" : "remoteSourceControl",
      "location" : "https://github.com/apple/swift-numerics.git",
      "state" : {
        "revision" : "0c0290ff6b24942dadb83a929ffaaa1481df04a2",
        "version" : "1.1.1"
      }
    },
    {
      "identity" : "swift-state-graph",
      "kind" : "remoteSourceControl",
      "location" : "https://github.com/VergeGroup/swift-state-graph",
      "state" : {
        "revision" : "f198f7e209133cd2d24e7efa5565d027692b6a62",
        "version" : "0.16.0"
      }
    },
    {
      "identity" : "swift-syntax",
      "kind" : "remoteSourceControl",
      "location" : "https://github.com/swiftlang/swift-syntax",
      "state" : {
        "revision" : "0687f71944021d616d34d922343dcef086855920",
        "version" : "600.0.1"
      }
    },
    {
      "identity" : "swift-typed-identifier",
      "kind" : "remoteSourceControl",
      "location" : "https://github.com/VergeGroup/swift-typed-identifier",
      "state" : {
        "revision" : "ea7afa2ce943c6bf3ef87d385c8a6e9f67fea4f3",
        "version" : "2.0.4"
      }
    },
    {
      "identity" : "swiftui-async-multiplex-image",
      "kind" : "remoteSourceControl",
      "location" : "https://github.com/FluidGroup/swiftui-async-multiplex-image",
      "state" : {
        "revision" : "2c0dc7bd7dd7fa51b4161b6ae6b15ff59412f2c2",
        "version" : "1.0.0"
      }
    },
    {
      "identity" : "swiftui-introspect",
      "kind" : "remoteSourceControl",
      "location" : "https://github.com/siteline/swiftui-introspect",
      "state" : {
        "revision" : "a08b87f96b41055577721a6e397562b21ad52454",
        "version" : "26.0.0"
      }
    },
    {
      "identity" : "swiftui-object-edge",
      "kind" : "remoteSourceControl",
      "location" : "https://github.com/FluidGroup/swiftui-object-edge",
      "state" : {
        "revision" : "2848582ee253565ff8d529506e0988b2d2c4404a",
        "version" : "1.0.0"
      }
    },
    {
      "identity" : "swiftui-ring-slider",
      "kind" : "remoteSourceControl",
      "location" : "https://github.com/FluidGroup/swiftui-ring-slider",
      "state" : {
        "revision" : "15fb9ab0a2ca7c6b3e58ca4c90433a8217dbfa98",
        "version" : "0.3.1"
      }
    },
    {
      "identity" : "swiftui-support",
      "kind" : "remoteSourceControl",
      "location" : "https://github.com/FluidGroup/swiftui-support.git",
      "state" : {
        "revision" : "fbc3f1770889f74818a56eea3d7099a0d3a9c5e1",
        "version" : "0.13.0"
      }
    },
    {
      "identity" : "youtubekit",
      "kind" : "remoteSourceControl",
      "location" : "https://github.com/alexeichhorn/YouTubeKit",
      "state" : {
        "revision" : "65be95dbb1dbd749499e0638871568c823822276",
        "version" : "0.4.8"
      }
    }
  ],
  "version" : 3
}
